
Microsoft Visual Studio Solution File, Format Version 12.00
# Visual Studio Version 16
VisualStudioVersion = 16.0.31729.503
MinimumVisualStudioVersion = 10.0.40219.1
Project("{FAE04EC0-301F-11D3-BF4B-00C04F79EFBC}") = "Sarah", "Sarah\Sarah.csproj", "{F2075DD1-89F4-41E7-9A6F-ED5E7D10B01C}"
EndProject
Global
	GlobalSection(SolutionConfigurationPlatforms) = preSolution
		Debug|Any CPU = Debug|Any CPU
		Release|Any CPU = Release|Any CPU
	EndGlobalSection
	GlobalSection(ProjectConfigurationPlatforms) = postSolution
		{F2075DD1-89F4-41E7-9A6F-ED5E7D10B01C}.Debug|Any CPU.ActiveCfg = Debug|Any CPU
		{F2075DD1-89F4-41E7-9A6F-ED5E7D10B01C}.Debug|Any CPU.Build.0 = Debug|Any CPU
		{F2075DD1-89F4-41E7-9A6F-ED5E7D10B01C}.Release|Any CPU.ActiveCfg = Release|Any CPU
		{F2075DD1-89F4-41E7-9A6F-ED5E7D10B01C}.Release|Any CPU.Build.0 = Release|Any CPU
	EndGlobalSection
	GlobalSection(SolutionProperties) = preSolution
		HideSolutionNode = FALSE
	EndGlobalSection
	GlobalSection(ExtensibilityGlobals) = postSolution
		SolutionGuid = {BCE5FEF9-7262-47F7-823A-71EBCDBFFB8A}
	EndGlobalSection
EndGlobal
